{
  "name": "FullStack",
  "lockfileVersion": 3,
  "requires": true,
  "packages": {
    "": {
      "dependencies": {
        "mongoose-paginate": "^5.0.3"
      }
    },
    "node_modules/bluebird": {
      "version": "3.0.5",
      "resolved": "https://registry.npmjs.org/bluebird/-/bluebird-3.0.5.tgz",
      "integrity": "sha512-5o9RE3ued60EEv6gcT5L2APn/4zSpAwzeH65fuF+d/K3/LGZ9JpGIlDU2HeI4NujAY5Wh7mUBM5UF3Zuh8bBhQ=="
    },
    "node_modules/mongoose-paginate": {
      "version": "5.0.3",
      "resolved": "https://registry.npmjs.org/mongoose-paginate/-/mongoose-paginate-5.0.3.tgz",
      "integrity": "sha512-sqrQJJ2nY7z2S5XzrMxbnlnAXpOnqyyM8t/FQ4Rv0uimYyacitmVSZOjlotbiQLI8I4v4hy3dCtJn31+OPl5Wg==",
      "dependencies": {
        "bluebird": "3.0.5"
      },
      "engines": {
        "node": ">=4.0.0"
      }
    }
  }
}
